// !$*UTF8*$!
{
	archiveVersion = 1;
	classes = {
	};
	objectVersion = 77;
	objects = {

/* Begin PBXBuildFile section */
		7F8E1E382FF72DCE001F8322 /* FirebaseAI in Frameworks */ = {isa = PBXBuildFile; productRef = 7F8E1E372FF72DCE001F8322 /* FirebaseAI */; };
		7F8E1E3A2FF72DCE001F8322 /* FirebaseAILogic in Frameworks */ = {isa = PBXBuildFile; productRef = 7F8E1E392FF72DCE001F8322 /* FirebaseAILogic */; };
		7F8E1E3C2FF72DCE001F8322 /* FirebaseAnalytics in Frameworks */ = {isa = PBXBuildFile; productRef = 7F8E1E3B2FF72DCE001F8322 /* FirebaseAnalytics */; };
		7F8E1E3E2FF72DCE001F8322 /* FirebaseAnalyticsCore in Frameworks */ = {isa = PBXBuildFile; productRef = 7F8E1E3D2FF72DCE001F8322 /* FirebaseAnalyticsCore */; };
		7F8E1E402FF72DCE001F8322 /* FirebaseAnalyticsIdentitySupport in Frameworks */ = {isa = PBXBuildFile; productRef = 7F8E1E3F2FF72DCE001F8322 /* FirebaseAnalyticsIdentitySupport */; };
		7F8E1E422FF72DCE001F8322 /* FirebaseAppCheck in Frameworks */ = {isa = PBXBuildFile; productRef = 7F8E1E412FF72DCE001F8322 /* FirebaseAppCheck */; };
		7F8E1E442FF72DCE001F8322 /* FirebaseAppDistribution-Beta in Frameworks */ = {isa = PBXBuildFile; productRef = 7F8E1E432FF72DCE001F8322 /* FirebaseAppDistribution-Beta */; };
		7F8E1E462FF72DCE001F8322 /* FirebaseAuth in Frameworks */ = {isa = PBXBuildFile; productRef = 7F8E1E452FF72DCE001F8322 /* FirebaseAuth */; };
		7F8E1E482FF72DCE001F8322 /* FirebaseAuthCombine-Community in Frameworks */ = {isa = PBXBuildFile; productRef = 7F8E1E472FF72DCE001F8322 /* FirebaseAuthCombine-Community */; };
		7F8E1E4A2FF72DCE001F8322 /* FirebaseCore in Frameworks */ = {isa = PBXBuildFile; productRef = 7F8E1E492FF72DCE001F8322 /* FirebaseCore */; };
		7F8E1E4C2FF72DCE001F8322 /* FirebaseCrashlytics in Frameworks */ = {isa = PBXBuildFile; productRef = 7F8E1E4B2FF72DCE001F8322 /* FirebaseCrashlytics */; };
		7F8E1E4E2FF72DCE001F8322 /* FirebaseDatabase in Frameworks */ = {isa = PBXBuildFile; productRef = 7F8E1E4D2FF72DCE001F8322 /* FirebaseDatabase */; };
		7F8E1E502FF72DCE001F8322 /* FirebaseFirestore in Frameworks */ = {isa = PBXBuildFile; productRef = 7F8E1E4F2FF72DCE001F8322 /* FirebaseFirestore */; };
		7F8E1E522FF72DCE001F8322 /* FirebaseFirestoreCombine-Community in Frameworks */ = {isa = PBXBuildFile; productRef = 7F8E1E512FF72DCE001F8322 /* FirebaseFirestoreCombine-Community */; };
		7F8E1E542FF72DCE001F8322 /* FirebaseFunctions in Frameworks */ = {isa = PBXBuildFile; productRef = 7F8E1E532FF72DCE001F8322 /* FirebaseFunctions */; };
		7F8E1E562FF72DCE001F8322 /* FirebaseFunctionsCombine-Community in Frameworks */ = {isa = PBXBuildFile; productRef = 7F8E1E552FF72DCE001F8322 /* FirebaseFunctionsCombine-Community */; };
		7F8E1E582FF72DCE001F8322 /* FirebaseInAppMessaging-Beta in Frameworks */ = {isa = PBXBuildFile; productRef = 7F8E1E572FF72DCE001F8322 /* FirebaseInAppMessaging-Beta */; };
		7F8E1E5A2FF72DCE001F8322 /* FirebaseInstallations in Frameworks */ = {isa = PBXBuildFile; productRef = 7F8E1E592FF72DCE001F8322 /* FirebaseInstallations */; };
		7F8E1E5C2FF72DCE001F8322 /* FirebaseMessaging in Frameworks */ = {isa = PBXBuildFile; productRef = 7F8E1E5B2FF72DCE001F8322 /* FirebaseMessaging */; };
		7F8E1E5E2FF72DCE001F8322 /* FirebaseMLModelDownloader in Frameworks */ = {isa = PBXBuildFile; productRef = 7F8E1E5D2FF72DCE001F8322 /* FirebaseMLModelDownloader */; };
		7F8E1E602FF72DCE001F8322 /* FirebasePerformance in Frameworks */ = {isa = PBXBuildFile; productRef = 7F8E1E5F2FF72DCE001F8322 /* FirebasePerformance */; };
		7F8E1E622FF72DCE001F8322 /* FirebaseRemoteConfig in Frameworks */ = {isa = PBXBuildFile; productRef = 7F8E1E612FF72DCE001F8322 /* FirebaseRemoteConfig */; };
		7F8E1E642FF72DCE001F8322 /* FirebaseStorage in Frameworks */ = {isa = PBXBuildFile; productRef = 7F8E1E632FF72DCE001F8322 /* FirebaseStorage */; };
		7F8E1E662FF72DCE001F8322 /* FirebaseStorageCombine-Community in Frameworks */ = {isa = PBXBuildFile; productRef = 7F8E1E652FF72DCE001F8322 /* FirebaseStorageCombine-Community */; };
		7FAA10032FF9900100183BC5 /* GoogleSignIn in Frameworks */ = {isa = PBXBuildFile; productRef = 7FAA10022FF9900100183BC5 /* GoogleSignIn */; };
/* End PBXBuildFile section */

/* Begin PBXContainerItemProxy section */
		7F8E1E152FF729A3001F8322 /* PBXContainerItemProxy */ = {
			isa = PBXContainerItemProxy;
			containerPortal = 7F8E1DFF2FF729A2001F8322 /* Project object */;
			proxyType = 1;
			remoteGlobalIDString = 7F8E1E062FF729A2001F8322;
			remoteInfo = iStock;
		};
		7F8E1E1F2FF729A3001F8322 /* PBXContainerItemProxy */ = {
			isa = PBXContainerItemProxy;
			containerPortal = 7F8E1DFF2FF729A2001F8322 /* Project object */;
			proxyType = 1;
			remoteGlobalIDString = 7F8E1E062FF729A2001F8322;
			remoteInfo = iStock;
		};
/* End PBXContainerItemProxy section */

/* Begin PBXFileReference section */
		7F8E1E072FF729A2001F8322 /* iStock.app */ = {isa = PBXFileReference; explicitFileType = wrapper.application; includeInIndex = 0; path = iStock.app; sourceTree = BUILT_PRODUCTS_DIR; };
		7F8E1E142FF729A3001F8322 /* iStockTests.xctest */ = {isa = PBXFileReference; explicitFileType = wrapper.cfbundle; includeInIndex = 0; path = iStockTests.xctest; sourceTree = BUILT_PRODUCTS_DIR; };
		7F8E1E1E2FF729A3001F8322 /* iStockUITests.xctest */ = {isa = PBXFileReference; explicitFileType = wrapper.cfbundle; includeInIndex = 0; path = iStockUITests.xctest; sourceTree = BUILT_PRODUCTS_DIR; };
/* End PBXFileReference section */

/* Begin PBXFileSystemSynchronizedBuildFileExceptionSet section */
		7FAA20012FF9900200183BC5 /* Exceptions for "iStock" folder in "iStock" target */ = {
			isa = PBXFileSystemSynchronizedBuildFileExceptionSet;
			membershipExceptions = (
				App/Info.plist,
			);
			target = 7F8E1E062FF729A2001F8322 /* iStock */;
		};
		7FEA6EE52FF9815C00183BC5 /* Exceptions for "iStock" folder in "iStockTests" target */ = {
			isa = PBXFileSystemSynchronizedBuildFileExceptionSet;
			membershipExceptions = (
				"App/GoogleService-Info.plist",
			);
			target = 7F8E1E132FF729A3001F8322 /* iStockTests */;
		};
		7FEA6EE62FF9815C00183BC5 /* Exceptions for "iStock" folder in "iStockUITests" target */ = {
			isa = PBXFileSystemSynchronizedBuildFileExceptionSet;
			membershipExceptions = (
				"App/GoogleService-Info.plist",
			);
			target = 7F8E1E1D2FF729A3001F8322 /* iStockUITests */;
		};
/* End PBXFileSystemSynchronizedBuildFileExceptionSet section */

/* Begin PBXFileSystemSynchronizedRootGroup section */
		7F8E1E092FF729A2001F8322 /* iStock */ = {
			isa = PBXFileSystemSynchronizedRootGroup;
			exceptions = (
				7FAA20012FF9900200183BC5 /* Exceptions for "iStock" folder in "iStock" target */,
				7FEA6EE52FF9815C00183BC5 /* Exceptions for "iStock" folder in "iStockTests" target */,
				7FEA6EE62FF9815C00183BC5 /* Exceptions for "iStock" folder in "iStockUITests" target */,
			);
			path = iStock;
			sourceTree = "<group>";
		};
		7F8E1E172FF729A3001F8322 /* iStockTests */ = {
			isa = PBXFileSystemSynchronizedRootGroup;
			path = iStockTests;
			sourceTree = "<group>";
		};
		7F8E1E212FF729A3001F8322 /* iStockUITests */ = {
			isa = PBXFileSystemSynchronizedRootGroup;
			path = iStockUITests;
			sourceTree = "<group>";
		};
/* End PBXFileSystemSynchronizedRootGroup section */

/* Begin PBXFrameworksBuildPhase section */
		7F8E1E042FF729A2001F8322 /* Frameworks */ = {
			isa = PBXFrameworksBuildPhase;
			buildActionMask = 2147483647;
			files = (
				7F8E1E442FF72DCE001F8322 /* FirebaseAppDistribution-Beta in Frameworks */,
				7F8E1E502FF72DCE001F8322 /* FirebaseFirestore in Frameworks */,
				7F8E1E482FF72DCE001F8322 /* FirebaseAuthCombine-Community in Frameworks */,
				7F8E1E5A2FF72DCE001F8322 /* FirebaseInstallations in Frameworks */,
				7F8E1E3A2FF72DCE001F8322 /* FirebaseAILogic in Frameworks */,
				7F8E1E402FF72DCE001F8322 /* FirebaseAnalyticsIdentitySupport in Frameworks */,
				7F8E1E582FF72DCE001F8322 /* FirebaseInAppMessaging-Beta in Frameworks */,
				7F8E1E5E2FF72DCE001F8322 /* FirebaseMLModelDownloader in Frameworks */,
				7F8E1E382FF72DCE001F8322 /* FirebaseAI in Frameworks */,
				7F8E1E5C2FF72DCE001F8322 /* FirebaseMessaging in Frameworks */,
				7F8E1E662FF72DCE001F8322 /* FirebaseStorageCombine-Community in Frameworks */,
				7F8E1E4C2FF72DCE001F8322 /* FirebaseCrashlytics in Frameworks */,
				7F8E1E642FF72DCE001F8322 /* FirebaseStorage in Frameworks */,
				7F8E1E622FF72DCE001F8322 /* FirebaseRemoteConfig in Frameworks */,
				7F8E1E562FF72DCE001F8322 /* FirebaseFunctionsCombine-Community in Frameworks */,
				7F8E1E4E2FF72DCE001F8322 /* FirebaseDatabase in Frameworks */,
				7F8E1E3C2FF72DCE001F8322 /* FirebaseAnalytics in Frameworks */,
				7F8E1E602FF72DCE001F8322 /* FirebasePerformance in Frameworks */,
				7F8E1E4A2FF72DCE001F8322 /* FirebaseCore in Frameworks */,
				7F8E1E422FF72DCE001F8322 /* FirebaseAppCheck in Frameworks */,
				7F8E1E3E2FF72DCE001F8322 /* FirebaseAnalyticsCore in Frameworks */,
				7F8E1E542FF72DCE001F8322 /* FirebaseFunctions in Frameworks */,
				7F8E1E462FF72DCE001F8322 /* FirebaseAuth in Frameworks */,
				7F8E1E522FF72DCE001F8322 /* FirebaseFirestoreCombine-Community in Frameworks */,
				7FAA10032FF9900100183BC5 /* GoogleSignIn in Frameworks */,
			);
			runOnlyForDeploymentPostprocessing = 0;
		};
		7F8E1E112FF729A3001F8322 /* Frameworks */ = {
			isa = PBXFrameworksBuildPhase;
			buildActionMask = 2147483647;
			files = (
			);
			runOnlyForDeploymentPostprocessing = 0;
		};
		7F8E1E1B2FF729A3001F8322 /* Frameworks */ = {
			isa = PBXFrameworksBuildPhase;
			buildActionMask = 2147483647;
			files = (
			);
			runOnlyForDeploymentPostprocessing = 0;
		};
/* End PBXFrameworksBuildPhase section */

/* Begin PBXGroup section */
		7F8E1DFE2FF729A2001F8322 = {
			isa = PBXGroup;
			children = (
				7F8E1E092FF729A2001F8322 /* iStock */,
				7F8E1E172FF729A3001F8322 /* iStockTests */,
				7F8E1E212FF729A3001F8322 /* iStockUITests */,
				7F8E1E362FF72DCE001F8322 /* Frameworks */,
				7F8E1E082FF729A2001F8322 /* Products */,
			);
			sourceTree = "<group>";
		};
		7F8E1E082FF729A2001F8322 /* Products */ = {
			isa = PBXGroup;
			children = (
				7F8E1E072FF729A2001F8322 /* iStock.app */,
				7F8E1E142FF729A3001F8322 /* iStockTests.xctest */,
				7F8E1E1E2FF729A3001F8322 /* iStockUITests.xctest */,
			);
			name = Products;
			sourceTree = "<group>";
		};
		7F8E1E362FF72DCE001F8322 /* Frameworks */ = {
			isa = PBXGroup;
			children = (
			);
			name = Frameworks;
			sourceTree = "<group>";
		};
/* End PBXGroup section */

/* Begin PBXNativeTarget section */
		7F8E1E062FF729A2001F8322 /* iStock */ = {
			isa = PBXNativeTarget;
			buildConfigurationList = 7F8E1E282FF729A3001F8322 /* Build configuration list for PBXNativeTarget "iStock" */;
			buildPhases = (
				7F8E1E032FF729A2001F8322 /* Sources */,
				7F8E1E042FF729A2001F8322 /* Frameworks */,
				7F8E1E052FF729A2001F8322 /* Resources */,
			);
			buildRules = (
			);
			dependencies = (
			);
			fileSystemSynchronizedGroups = (
				7F8E1E092FF729A2001F8322 /* iStock */,
			);
			name = iStock;
			packageProductDependencies = (
				7F8E1E372FF72DCE001F8322 /* FirebaseAI */,
				7F8E1E392FF72DCE001F8322 /* FirebaseAILogic */,
				7F8E1E3B2FF72DCE001F8322 /* FirebaseAnalytics */,
				7F8E1E3D2FF72DCE001F8322 /* FirebaseAnalyticsCore */,
				7F8E1E3F2FF72DCE001F8322 /* FirebaseAnalyticsIdentitySupport */,
				7F8E1E412FF72DCE001F8322 /* FirebaseAppCheck */,
				7F8E1E432FF72DCE001F8322 /* FirebaseAppDistribution-Beta */,
				7F8E1E452FF72DCE001F8322 /* FirebaseAuth */,
				7F8E1E472FF72DCE001F8322 /* FirebaseAuthCombine-Community */,
				7F8E1E492FF72DCE001F8322 /* FirebaseCore */,
				7F8E1E4B2FF72DCE001F8322 /* FirebaseCrashlytics */,
				7F8E1E4D2FF72DCE001F8322 /* FirebaseDatabase */,
				7F8E1E4F2FF72DCE001F8322 /* FirebaseFirestore */,
				7F8E1E512FF72DCE001F8322 /* FirebaseFirestoreCombine-Community */,
				7F8E1E532FF72DCE001F8322 /* FirebaseFunctions */,
				7F8E1E552FF72DCE001F8322 /* FirebaseFunctionsCombine-Community */,
				7F8E1E572FF72DCE001F8322 /* FirebaseInAppMessaging-Beta */,
				7F8E1E592FF72DCE001F8322 /* FirebaseInstallations */,
				7F8E1E5B2FF72DCE001F8322 /* FirebaseMessaging */,
				7F8E1E5D2FF72DCE001F8322 /* FirebaseMLModelDownloader */,
				7F8E1E5F2FF72DCE001F8322 /* FirebasePerformance */,
				7F8E1E612FF72DCE001F8322 /* FirebaseRemoteConfig */,
				7F8E1E632FF72DCE001F8322 /* FirebaseStorage */,
				7F8E1E652FF72DCE001F8322 /* FirebaseStorageCombine-Community */,
				7FAA10022FF9900100183BC5 /* GoogleSignIn */,
			);
			productName = iStock;
			productReference = 7F8E1E072FF729A2001F8322 /* iStock.app */;
			productType = "com.apple.product-type.application";
		};
		7F8E1E132FF729A3001F8322 /* iStockTests */ = {
			isa = PBXNativeTarget;
			buildConfigurationList = 7F8E1E2B2FF729A3001F8322 /* Build configuration list for PBXNativeTarget "iStockTests" */;
			buildPhases = (
				7F8E1E102FF729A3001F8322 /* Sources */,
				7F8E1E112FF729A3001F8322 /* Frameworks */,
				7F8E1E122FF729A3001F8322 /* Resources */,
			);
			buildRules = (
			);
			dependencies = (
				7F8E1E162FF729A3001F8322 /* PBXTargetDependency */,
			);
			fileSystemSynchronizedGroups = (
				7F8E1E172FF729A3001F8322 /* iStockTests */,
			);
			name = iStockTests;
			packageProductDependencies = (
			);
			productName = iStockTests;
			productReference = 7F8E1E142FF729A3001F8322 /* iStockTests.xctest */;
			productType = "com.apple.product-type.bundle.unit-test";
		};
		7F8E1E1D2FF729A3001F8322 /* iStockUITests */ = {
			isa = PBXNativeTarget;
			buildConfigurationList = 7F8E1E2E2FF729A3001F8322 /* Build configuration list for PBXNativeTarget "iStockUITests" */;
			buildPhases = (
				7F8E1E1A2FF729A3001F8322 /* Sources */,
				7F8E1E1B2FF729A3001F8322 /* Frameworks */,
				7F8E1E1C2FF729A3001F8322 /* Resources */,
			);
			buildRules = (
			);
			dependencies = (
				7F8E1E202FF729A3001F8322 /* PBXTargetDependency */,
			);
			fileSystemSynchronizedGroups = (
				7F8E1E212FF729A3001F8322 /* iStockUITests */,
			);
			name = iStockUITests;
			packageProductDependencies = (
			);
			productName = iStockUITests;
			productReference = 7F8E1E1E2FF729A3001F8322 /* iStockUITests.xctest */;
			productType = "com.apple.product-type.bundle.ui-testing";
		};
/* End PBXNativeTarget section */

/* Begin PBXProject section */
		7F8E1DFF2FF729A2001F8322 /* Project object */ = {
			isa = PBXProject;
			attributes = {
				BuildIndependentTargetsInParallel = 1;
				LastSwiftUpdateCheck = 2660;
				LastUpgradeCheck = 2660;
				TargetAttributes = {
					7F8E1E062FF729A2001F8322 = {
						CreatedOnToolsVersion = 26.6;
					};
					7F8E1E132FF729A3001F8322 = {
						CreatedOnToolsVersion = 26.6;
						TestTargetID = 7F8E1E062FF729A2001F8322;
					};
					7F8E1E1D2FF729A3001F8322 = {
						CreatedOnToolsVersion = 26.6;
						TestTargetID = 7F8E1E062FF729A2001F8322;
					};
				};
			};
			buildConfigurationList = 7F8E1E022FF729A2001F8322 /* Build configuration list for PBXProject "iStock" */;
			developmentRegion = en;
			hasScannedForEncodings = 0;
			knownRegions = (
				en,
				Base,
			);
			mainGroup = 7F8E1DFE2FF729A2001F8322;
			minimizedProjectReferenceProxies = 1;
			packageReferences = (
				7F8E1E352FF72DAE001F8322 /* XCRemoteSwiftPackageReference "firebase-ios-sdk" */,
				7FAA10012FF9900100183BC5 /* XCRemoteSwiftPackageReference "GoogleSignIn-iOS" */,
			);
			preferredProjectObjectVersion = 77;
			productRefGroup = 7F8E1E082FF729A2001F8322 /* Products */;
			projectDirPath = "";
			projectRoot = "";
			targets = (
				7F8E1E062FF729A2001F8322 /* iStock */,
				7F8E1E132FF729A3001F8322 /* iStockTests */,
				7F8E1E1D2FF729A3001F8322 /* iStockUITests */,
			);
		};
/* End PBXProject section */

/* Begin PBXResourcesBuildPhase section */
		7F8E1E052FF729A2001F8322 /* Resources */ = {
			isa = PBXResourcesBuildPhase;
			buildActionMask = 2147483647;
			files = (
			);
			runOnlyForDeploymentPostprocessing = 0;
		};
		7F8E1E122FF729A3001F8322 /* Resources */ = {
			isa = PBXResourcesBuildPhase;
			buildActionMask = 2147483647;
			files = (
			);
			runOnlyForDeploymentPostprocessing = 0;
		};
		7F8E1E1C2FF729A3001F8322 /* Resources */ = {
			isa = PBXResourcesBuildPhase;
			buildActionMask = 2147483647;
			files = (
			);
			runOnlyForDeploymentPostprocessing = 0;
		};
/* End PBXResourcesBuildPhase section */

/* Begin PBXSourcesBuildPhase section */
		7F8E1E032FF729A2001F8322 /* Sources */ = {
			isa = PBXSourcesBuildPhase;
			buildActionMask = 2147483647;
			files = (
			);
			runOnlyForDeploymentPostprocessing = 0;
		};
		7F8E1E102FF729A3001F8322 /* Sources */ = {
			isa = PBXSourcesBuildPhase;
			buildActionMask = 2147483647;
			files = (
			);
			runOnlyForDeploymentPostprocessing = 0;
		};
		7F8E1E1A2FF729A3001F8322 /* Sources */ = {
			isa = PBXSourcesBuildPhase;
			buildActionMask = 2147483647;
			files = (
			);
			runOnlyForDeploymentPostprocessing = 0;
		};
/* End PBXSourcesBuildPhase section */

/* Begin PBXTargetDependency section */
		7F8E1E162FF729A3001F8322 /* PBXTargetDependency */ = {
			isa = PBXTargetDependency;
			target = 7F8E1E062FF729A2001F8322 /* iStock */;
			targetProxy = 7F8E1E152FF729A3001F8322 /* PBXContainerItemProxy */;
		};
		7F8E1E202FF729A3001F8322 /* PBXTargetDependency */ = {
			isa = PBXTargetDependency;
			target = 7F8E1E062FF729A2001F8322 /* iStock */;
			targetProxy = 7F8E1E1F2FF729A3001F8322 /* PBXContainerItemProxy */;
		};
/* End PBXTargetDependency section */

/* Begin XCBuildConfiguration section */
		7F8E1E262FF729A3001F8322 /* Debug */ = {
			isa = XCBuildConfiguration;
			buildSettings = {
				ALWAYS_SEARCH_USER_PATHS = NO;
				ASSETCATALOG_COMPILER_GENERATE_SWIFT_ASSET_SYMBOL_EXTENSIONS = YES;
				CLANG_ANALYZER_NONNULL = YES;
				CLANG_ANALYZER_NUMBER_OBJECT_CONVERSION = YES_AGGRESSIVE;
				CLANG_CXX_LANGUAGE_STANDARD = "gnu++20";
				CLANG_ENABLE_MODULES = YES;
				CLANG_ENABLE_OBJC_ARC = YES;
				CLANG_ENABLE_OBJC_WEAK = YES;
				CLANG_WARN_BLOCK_CAPTURE_AUTORELEASING = YES;
				CLANG_WARN_BOOL_CONVERSION = YES;
				CLANG_WARN_COMMA = YES;
				CLANG_WARN_CONSTANT_CONVERSION = YES;
				CLANG_WARN_DEPRECATED_OBJC_IMPLEMENTATIONS = YES;
				CLANG_WARN_DIRECT_OBJC_ISA_USAGE = YES_ERROR;
				CLANG_WARN_DOCUMENTATION_COMMENTS = YES;
				CLANG_WARN_EMPTY_BODY = YES;
				CLANG_WARN_ENUM_CONVERSION = YES;
				CLANG_WARN_INFINITE_RECURSION = YES;
				CLANG_WARN_INT_CONVERSION = YES;
				CLANG_WARN_NON_LITERAL_NULL_CONVERSION = YES;
				CLANG_WARN_OBJC_IMPLICIT_RETAIN_SELF = YES;
				CLANG_WARN_OBJC_LITERAL_CONVERSION = YES;
				CLANG_WARN_OBJC_ROOT_CLASS = YES_ERROR;
				CLANG_WARN_QUOTED_INCLUDE_IN_FRAMEWORK_HEADER = YES;
				CLANG_WARN_RANGE_LOOP_ANALYSIS = YES;
				CLANG_WARN_STRICT_PROTOTYPES = YES;
				CLANG_WARN_SUSPICIOUS_MOVE = YES;
				CLANG_WARN_UNGUARDED_AVAILABILITY = YES_AGGRESSIVE;
				CLANG_WARN_UNREACHABLE_CODE = YES;
				CLANG_WARN__DUPLICATE_METHOD_MATCH = YES;
				COPY_PHASE_STRIP = NO;
				DEBUG_INFORMATION_FORMAT = dwarf;
				DEVELOPMENT_TEAM = 99L25FT5GG;
				ENABLE_STRICT_OBJC_MSGSEND = YES;
				ENABLE_TESTABILITY = YES;
				ENABLE_USER_SCRIPT_SANDBOXING = YES;
				GCC_C_LANGUAGE_STANDARD = gnu17;
				GCC_DYNAMIC_NO_PIC = NO;
				GCC_NO_COMMON_BLOCKS = YES;
				GCC_OPTIMIZATION_LEVEL = 0;
				GCC_PREPROCESSOR_DEFINITIONS = (
					"DEBUG=1",
					"$(inherited)",
				);
				GCC_WARN_64_TO_32_BIT_CONVERSION = YES;
				GCC_WARN_ABOUT_RETURN_TYPE = YES_ERROR;
				GCC_WARN_UNDECLARED_SELECTOR = YES;
				GCC_WARN_UNINITIALIZED_AUTOS = YES_AGGRESSIVE;
				GCC_WARN_UNUSED_FUNCTION = YES;
				GCC_WARN_UNUSED_VARIABLE = YES;
				LOCALIZATION_PREFERS_STRING_CATALOGS = YES;
				MACOSX_DEPLOYMENT_TARGET = 26.5;
				MTL_ENABLE_DEBUG_INFO = INCLUDE_SOURCE;
				MTL_FAST_MATH = YES;
				ONLY_ACTIVE_ARCH = YES;
				SDKROOT = macosx;
				SWIFT_ACTIVE_COMPILATION_CONDITIONS = "DEBUG $(inherited)";
				SWIFT_OPTIMIZATION_LEVEL = "-Onone";
			};
			name = Debug;
		};
		7F8E1E272FF729A3001F8322 /* Release */ = {
			isa = XCBuildConfiguration;
			buildSettings = {
				ALWAYS_SEARCH_USER_PATHS = NO;
				ASSETCATALOG_COMPILER_GENERATE_SWIFT_ASSET_SYMBOL_EXTENSIONS = YES;
				CLANG_ANALYZER_NONNULL = YES;
				CLANG_ANALYZER_NUMBER_OBJECT_CONVERSION = YES_AGGRESSIVE;
				CLANG_CXX_LANGUAGE_STANDARD = "gnu++20";
				CLANG_ENABLE_MODULES = YES;
				CLANG_ENABLE_OBJC_ARC = YES;
				CLANG_ENABLE_OBJC_WEAK = YES;
				CLANG_WARN_BLOCK_CAPTURE_AUTORELEASING = YES;
				CLANG_WARN_BOOL_CONVERSION = YES;
				CLANG_WARN_COMMA = YES;
				CLANG_WARN_CONSTANT_CONVERSION = YES;
				CLANG_WARN_DEPRECATED_OBJC_IMPLEMENTATIONS = YES;
				CLANG_WARN_DIRECT_OBJC_ISA_USAGE = YES_ERROR;
				CLANG_WARN_DOCUMENTATION_COMMENTS = YES;
				CLANG_WARN_EMPTY_BODY = YES;
				CLANG_WARN_ENUM_CONVERSION = YES;
				CLANG_WARN_INFINITE_RECURSION = YES;
				CLANG_WARN_INT_CONVERSION = YES;
				CLANG_WARN_NON_LITERAL_NULL_CONVERSION = YES;
				CLANG_WARN_OBJC_IMPLICIT_RETAIN_SELF = YES;
				CLANG_WARN_OBJC_LITERAL_CONVERSION = YES;
				CLANG_WARN_OBJC_ROOT_CLASS = YES_ERROR;
				CLANG_WARN_QUOTED_INCLUDE_IN_FRAMEWORK_HEADER = YES;
				CLANG_WARN_RANGE_LOOP_ANALYSIS = YES;
				CLANG_WARN_STRICT_PROTOTYPES = YES;
				CLANG_WARN_SUSPICIOUS_MOVE = YES;
				CLANG_WARN_UNGUARDED_AVAILABILITY = YES_AGGRESSIVE;
				CLANG_WARN_UNREACHABLE_CODE = YES;
				CLANG_WARN__DUPLICATE_METHOD_MATCH = YES;
				COPY_PHASE_STRIP = NO;
				DEBUG_INFORMATION_FORMAT = "dwarf-with-dsym";
				DEVELOPMENT_TEAM = 99L25FT5GG;
				ENABLE_NS_ASSERTIONS = NO;
				ENABLE_STRICT_OBJC_MSGSEND = YES;
				ENABLE_USER_SCRIPT_SANDBOXING = YES;
				GCC_C_LANGUAGE_STANDARD = gnu17;
				GCC_NO_COMMON_BLOCKS = YES;
				GCC_WARN_64_TO_32_BIT_CONVERSION = YES;
				GCC_WARN_ABOUT_RETURN_TYPE = YES_ERROR;
				GCC_WARN_UNDECLARED_SELECTOR = YES;
				GCC_WARN_UNINITIALIZED_AUTOS = YES_AGGRESSIVE;
				GCC_WARN_UNUSED_FUNCTION = YES;
				GCC_WARN_UNUSED_VARIABLE = YES;
				LOCALIZATION_PREFERS_STRING_CATALOGS = YES;
				MACOSX_DEPLOYMENT_TARGET = 26.5;
				MTL_ENABLE_DEBUG_INFO = NO;
				MTL_FAST_MATH = YES;
				SDKROOT = macosx;
				SWIFT_COMPILATION_MODE = wholemodule;
			};
			name = Release;
		};
		7F8E1E292FF729A3001F8322 /* Debug */ = {
			isa = XCBuildConfiguration;
			buildSettings = {
				ASSETCATALOG_COMPILER_APPICON_NAME = AppIcon;
				ASSETCATALOG_COMPILER_GLOBAL_ACCENT_COLOR_NAME = AccentColor;
				AUTOMATION_APPLE_EVENTS = NO;
				CODE_SIGN_ENTITLEMENTS = "iStock/iStock-macOS.entitlements";
				"CODE_SIGN_ENTITLEMENTS[sdk=iphoneos*]" = "iStock/iStock-iOS.entitlements";
				"CODE_SIGN_ENTITLEMENTS[sdk=iphonesimulator*]" = "iStock/iStock-iOS.entitlements";
<<<<<<< HEAD
				CODE_SIGN_IDENTITY = "Apple Development";
				CODE_SIGN_STYLE = Automatic;
				COMBINE_HIDPI_IMAGES = YES;
				CURRENT_PROJECT_VERSION = 1;
				DEVELOPMENT_TEAM = 99L25FT5GG;
=======
				"CODE_SIGN_IDENTITY[sdk=macosx*]" = "Apple Development";
				CODE_SIGN_STYLE = Automatic;
				COMBINE_HIDPI_IMAGES = YES;
				CURRENT_PROJECT_VERSION = 1;
				DEVELOPMENT_TEAM = A56XUZKJFJ;
>>>>>>> bfbd1e0 (Atualiza sincronização Firebase (banco istock) e FirestoreProvider)
				ENABLE_APP_SANDBOX = YES;
				ENABLE_HARDENED_RUNTIME = YES;
				ENABLE_INCOMING_NETWORK_CONNECTIONS = YES;
				ENABLE_OUTGOING_NETWORK_CONNECTIONS = YES;
				ENABLE_PREVIEWS = YES;
				ENABLE_RESOURCE_ACCESS_AUDIO_INPUT = YES;
				ENABLE_RESOURCE_ACCESS_BLUETOOTH = NO;
				ENABLE_RESOURCE_ACCESS_CALENDARS = NO;
				ENABLE_RESOURCE_ACCESS_CAMERA = NO;
				ENABLE_RESOURCE_ACCESS_CONTACTS = NO;
				ENABLE_RESOURCE_ACCESS_LOCATION = NO;
				ENABLE_RESOURCE_ACCESS_PHOTO_LIBRARY = YES;
				ENABLE_RESOURCE_ACCESS_PRINTING = NO;
				ENABLE_RESOURCE_ACCESS_USB = NO;
				ENABLE_USER_SELECTED_FILES = readonly;
				GENERATE_INFOPLIST_FILE = YES;
				INFOPLIST_FILE = iStock/App/Info.plist;
<<<<<<< HEAD
=======
				INFOPLIST_KEY_LSApplicationCategoryType = "public.app-category.productivity";
>>>>>>> bfbd1e0 (Atualiza sincronização Firebase (banco istock) e FirestoreProvider)
				INFOPLIST_KEY_NSHumanReadableCopyright = "";
				INFOPLIST_KEY_NSMicrophoneUsageDescription = "O iStock precisa do microfone para enviar mensagens de voz no chat.";
				INFOPLIST_KEY_NSPhotoLibraryUsageDescription = "O iStock precisa acessar suas fotos para adicionar imagens aos produtos e ao chat.";
				IPHONEOS_DEPLOYMENT_TARGET = 18.6;
				LD_RUNPATH_SEARCH_PATHS = (
					"$(inherited)",
					"@executable_path/../Frameworks",
				);
				MACOSX_DEPLOYMENT_TARGET = 14.0;
				MARKETING_VERSION = 1.0;
<<<<<<< HEAD
				PRODUCT_BUNDLE_IDENTIFIER = com.luancarlos.istock;
				PRODUCT_NAME = "$(TARGET_NAME)";
				PROVISIONING_PROFILE_SPECIFIER = "";
=======
				PRODUCT_BUNDLE_IDENTIFIER = iStock.iStock;
				PRODUCT_NAME = "$(TARGET_NAME)";
>>>>>>> bfbd1e0 (Atualiza sincronização Firebase (banco istock) e FirestoreProvider)
				REGISTER_APP_GROUPS = NO;
				RUNTIME_EXCEPTION_ALLOW_DYLD_ENVIRONMENT_VARIABLES = NO;
				RUNTIME_EXCEPTION_ALLOW_JIT = NO;
				RUNTIME_EXCEPTION_ALLOW_UNSIGNED_EXECUTABLE_MEMORY = NO;
				RUNTIME_EXCEPTION_DEBUGGING_TOOL = NO;
				RUNTIME_EXCEPTION_DISABLE_EXECUTABLE_PAGE_PROTECTION = NO;
				RUNTIME_EXCEPTION_DISABLE_LIBRARY_VALIDATION = NO;
				STRING_CATALOG_GENERATE_SYMBOLS = YES;
<<<<<<< HEAD
				SUPPORTED_PLATFORMS = macosx;
=======
				SUPPORTED_PLATFORMS = "iphoneos iphonesimulator macosx";
>>>>>>> bfbd1e0 (Atualiza sincronização Firebase (banco istock) e FirestoreProvider)
				SUPPORTS_MACCATALYST = NO;
				SWIFT_APPROACHABLE_CONCURRENCY = YES;
				SWIFT_DEFAULT_ACTOR_ISOLATION = MainActor;
				SWIFT_EMIT_LOC_STRINGS = YES;
				SWIFT_UPCOMING_FEATURE_MEMBER_IMPORT_VISIBILITY = YES;
				SWIFT_VERSION = 5.0;
<<<<<<< HEAD
=======
				TARGETED_DEVICE_FAMILY = 1;
>>>>>>> bfbd1e0 (Atualiza sincronização Firebase (banco istock) e FirestoreProvider)
			};
			name = Debug;
		};
		7F8E1E2A2FF729A3001F8322 /* Release */ = {
			isa = XCBuildConfiguration;
			buildSettings = {
				ASSETCATALOG_COMPILER_APPICON_NAME = AppIcon;
				ASSETCATALOG_COMPILER_GLOBAL_ACCENT_COLOR_NAME = AccentColor;
				AUTOMATION_APPLE_EVENTS = NO;
				CODE_SIGN_ENTITLEMENTS = "iStock/iStock-macOS.entitlements";
				"CODE_SIGN_ENTITLEMENTS[sdk=iphoneos*]" = "iStock/iStock-iOS.entitlements";
				"CODE_SIGN_ENTITLEMENTS[sdk=iphonesimulator*]" = "iStock/iStock-iOS.entitlements";
<<<<<<< HEAD
				CODE_SIGN_IDENTITY = "Apple Development";
				CODE_SIGN_STYLE = Automatic;
				COMBINE_HIDPI_IMAGES = YES;
				CURRENT_PROJECT_VERSION = 1;
				DEVELOPMENT_TEAM = 99L25FT5GG;
=======
				"CODE_SIGN_IDENTITY[sdk=macosx*]" = "Apple Development";
				CODE_SIGN_STYLE = Automatic;
				COMBINE_HIDPI_IMAGES = YES;
				CURRENT_PROJECT_VERSION = 1;
				DEVELOPMENT_TEAM = A56XUZKJFJ;
>>>>>>> bfbd1e0 (Atualiza sincronização Firebase (banco istock) e FirestoreProvider)
				ENABLE_APP_SANDBOX = YES;
				ENABLE_HARDENED_RUNTIME = YES;
				ENABLE_INCOMING_NETWORK_CONNECTIONS = YES;
				ENABLE_OUTGOING_NETWORK_CONNECTIONS = YES;
				ENABLE_PREVIEWS = YES;
				ENABLE_RESOURCE_ACCESS_AUDIO_INPUT = YES;
				ENABLE_RESOURCE_ACCESS_BLUETOOTH = NO;
				ENABLE_RESOURCE_ACCESS_CALENDARS = NO;
				ENABLE_RESOURCE_ACCESS_CAMERA = NO;
				ENABLE_RESOURCE_ACCESS_CONTACTS = NO;
				ENABLE_RESOURCE_ACCESS_LOCATION = NO;
				ENABLE_RESOURCE_ACCESS_PHOTO_LIBRARY = YES;
				ENABLE_RESOURCE_ACCESS_PRINTING = NO;
				ENABLE_RESOURCE_ACCESS_USB = NO;
				ENABLE_USER_SELECTED_FILES = readonly;
				GENERATE_INFOPLIST_FILE = YES;
				INFOPLIST_FILE = iStock/App/Info.plist;
<<<<<<< HEAD
=======
				INFOPLIST_KEY_LSApplicationCategoryType = "public.app-category.productivity";
>>>>>>> bfbd1e0 (Atualiza sincronização Firebase (banco istock) e FirestoreProvider)
				INFOPLIST_KEY_NSHumanReadableCopyright = "";
				INFOPLIST_KEY_NSMicrophoneUsageDescription = "O iStock precisa do microfone para enviar mensagens de voz no chat.";
				INFOPLIST_KEY_NSPhotoLibraryUsageDescription = "O iStock precisa acessar suas fotos para adicionar imagens aos produtos e ao chat.";
				IPHONEOS_DEPLOYMENT_TARGET = 18.6;
				LD_RUNPATH_SEARCH_PATHS = (
					"$(inherited)",
					"@executable_path/../Frameworks",
				);
				MACOSX_DEPLOYMENT_TARGET = 14.0;
				MARKETING_VERSION = 1.0;
<<<<<<< HEAD
				PRODUCT_BUNDLE_IDENTIFIER = com.luancarlos.istock;
				PRODUCT_NAME = "$(TARGET_NAME)";
				PROVISIONING_PROFILE_SPECIFIER = "";
=======
				PRODUCT_BUNDLE_IDENTIFIER = iStock.iStock;
				PRODUCT_NAME = "$(TARGET_NAME)";
>>>>>>> bfbd1e0 (Atualiza sincronização Firebase (banco istock) e FirestoreProvider)
				REGISTER_APP_GROUPS = NO;
				RUNTIME_EXCEPTION_ALLOW_DYLD_ENVIRONMENT_VARIABLES = NO;
				RUNTIME_EXCEPTION_ALLOW_JIT = NO;
				RUNTIME_EXCEPTION_ALLOW_UNSIGNED_EXECUTABLE_MEMORY = NO;
				RUNTIME_EXCEPTION_DEBUGGING_TOOL = NO;
				RUNTIME_EXCEPTION_DISABLE_EXECUTABLE_PAGE_PROTECTION = NO;
				RUNTIME_EXCEPTION_DISABLE_LIBRARY_VALIDATION = NO;
				STRING_CATALOG_GENERATE_SYMBOLS = YES;
<<<<<<< HEAD
				SUPPORTED_PLATFORMS = macosx;
=======
				SUPPORTED_PLATFORMS = "iphoneos iphonesimulator macosx";
>>>>>>> bfbd1e0 (Atualiza sincronização Firebase (banco istock) e FirestoreProvider)
				SUPPORTS_MACCATALYST = NO;
				SWIFT_APPROACHABLE_CONCURRENCY = YES;
				SWIFT_DEFAULT_ACTOR_ISOLATION = MainActor;
				SWIFT_EMIT_LOC_STRINGS = YES;
				SWIFT_UPCOMING_FEATURE_MEMBER_IMPORT_VISIBILITY = YES;
				SWIFT_VERSION = 5.0;
<<<<<<< HEAD
=======
				TARGETED_DEVICE_FAMILY = 1;
>>>>>>> bfbd1e0 (Atualiza sincronização Firebase (banco istock) e FirestoreProvider)
			};
			name = Release;
		};
		7F8E1E2C2FF729A3001F8322 /* Debug */ = {
			isa = XCBuildConfiguration;
			buildSettings = {
				BUNDLE_LOADER = "$(TEST_HOST)";
				CODE_SIGN_STYLE = Automatic;
				CURRENT_PROJECT_VERSION = 1;
				DEVELOPMENT_TEAM = 99L25FT5GG;
				GENERATE_INFOPLIST_FILE = YES;
				MACOSX_DEPLOYMENT_TARGET = 26.5;
				MARKETING_VERSION = 1.0;
				PRODUCT_BUNDLE_IDENTIFIER = iStock.iStockTests;
				PRODUCT_NAME = "$(TARGET_NAME)";
				STRING_CATALOG_GENERATE_SYMBOLS = NO;
				SWIFT_APPROACHABLE_CONCURRENCY = YES;
				SWIFT_EMIT_LOC_STRINGS = NO;
				SWIFT_UPCOMING_FEATURE_MEMBER_IMPORT_VISIBILITY = YES;
				SWIFT_VERSION = 5.0;
				TEST_HOST = "$(BUILT_PRODUCTS_DIR)/iStock.app/$(BUNDLE_EXECUTABLE_FOLDER_PATH)/iStock";
			};
			name = Debug;
		};
		7F8E1E2D2FF729A3001F8322 /* Release */ = {
			isa = XCBuildConfiguration;
			buildSettings = {
				BUNDLE_LOADER = "$(TEST_HOST)";
				CODE_SIGN_STYLE = Automatic;
				CURRENT_PROJECT_VERSION = 1;
				DEVELOPMENT_TEAM = 99L25FT5GG;
				GENERATE_INFOPLIST_FILE = YES;
				MACOSX_DEPLOYMENT_TARGET = 26.5;
				MARKETING_VERSION = 1.0;
				PRODUCT_BUNDLE_IDENTIFIER = iStock.iStockTests;
				PRODUCT_NAME = "$(TARGET_NAME)";
				STRING_CATALOG_GENERATE_SYMBOLS = NO;
				SWIFT_APPROACHABLE_CONCURRENCY = YES;
				SWIFT_EMIT_LOC_STRINGS = NO;
				SWIFT_UPCOMING_FEATURE_MEMBER_IMPORT_VISIBILITY = YES;
				SWIFT_VERSION = 5.0;
				TEST_HOST = "$(BUILT_PRODUCTS_DIR)/iStock.app/$(BUNDLE_EXECUTABLE_FOLDER_PATH)/iStock";
			};
			name = Release;
		};
		7F8E1E2F2FF729A3001F8322 /* Debug */ = {
			isa = XCBuildConfiguration;
			buildSettings = {
				CODE_SIGN_STYLE = Automatic;
				CURRENT_PROJECT_VERSION = 1;
				DEVELOPMENT_TEAM = 99L25FT5GG;
				GENERATE_INFOPLIST_FILE = YES;
				MARKETING_VERSION = 1.0;
				PRODUCT_BUNDLE_IDENTIFIER = iStock.iStockUITests;
				PRODUCT_NAME = "$(TARGET_NAME)";
				STRING_CATALOG_GENERATE_SYMBOLS = NO;
				SWIFT_APPROACHABLE_CONCURRENCY = YES;
				SWIFT_EMIT_LOC_STRINGS = NO;
				SWIFT_UPCOMING_FEATURE_MEMBER_IMPORT_VISIBILITY = YES;
				SWIFT_VERSION = 5.0;
				TEST_TARGET_NAME = iStock;
			};
			name = Debug;
		};
		7F8E1E302FF729A3001F8322 /* Release */ = {
			isa = XCBuildConfiguration;
			buildSettings = {
				CODE_SIGN_STYLE = Automatic;
				CURRENT_PROJECT_VERSION = 1;
				DEVELOPMENT_TEAM = 99L25FT5GG;
				GENERATE_INFOPLIST_FILE = YES;
				MARKETING_VERSION = 1.0;
				PRODUCT_BUNDLE_IDENTIFIER = iStock.iStockUITests;
				PRODUCT_NAME = "$(TARGET_NAME)";
				STRING_CATALOG_GENERATE_SYMBOLS = NO;
				SWIFT_APPROACHABLE_CONCURRENCY = YES;
				SWIFT_EMIT_LOC_STRINGS = NO;
				SWIFT_UPCOMING_FEATURE_MEMBER_IMPORT_VISIBILITY = YES;
				SWIFT_VERSION = 5.0;
				TEST_TARGET_NAME = iStock;
			};
			name = Release;
		};
/* End XCBuildConfiguration section */

/* Begin XCConfigurationList section */
		7F8E1E022FF729A2001F8322 /* Build configuration list for PBXProject "iStock" */ = {
			isa = XCConfigurationList;
			buildConfigurations = (
				7F8E1E262FF729A3001F8322 /* Debug */,
				7F8E1E272FF729A3001F8322 /* Release */,
			);
			defaultConfigurationIsVisible = 0;
			defaultConfigurationName = Release;
		};
		7F8E1E282FF729A3001F8322 /* Build configuration list for PBXNativeTarget "iStock" */ = {
			isa = XCConfigurationList;
			buildConfigurations = (
				7F8E1E292FF729A3001F8322 /* Debug */,
				7F8E1E2A2FF729A3001F8322 /* Release */,
			);
			defaultConfigurationIsVisible = 0;
			defaultConfigurationName = Release;
		};
		7F8E1E2B2FF729A3001F8322 /* Build configuration list for PBXNativeTarget "iStockTests" */ = {
			isa = XCConfigurationList;
			buildConfigurations = (
				7F8E1E2C2FF729A3001F8322 /* Debug */,
				7F8E1E2D2FF729A3001F8322 /* Release */,
			);
			defaultConfigurationIsVisible = 0;
			defaultConfigurationName = Release;
		};
		7F8E1E2E2FF729A3001F8322 /* Build configuration list for PBXNativeTarget "iStockUITests" */ = {
			isa = XCConfigurationList;
			buildConfigurations = (
				7F8E1E2F2FF729A3001F8322 /* Debug */,
				7F8E1E302FF729A3001F8322 /* Release */,
			);
			defaultConfigurationIsVisible = 0;
			defaultConfigurationName = Release;
		};
/* End XCConfigurationList section */

/* Begin XCRemoteSwiftPackageReference section */
		7F8E1E352FF72DAE001F8322 /* XCRemoteSwiftPackageReference "firebase-ios-sdk" */ = {
			isa = XCRemoteSwiftPackageReference;
			repositoryURL = "https://github.com/firebase/firebase-ios-sdk";
			requirement = {
				kind = upToNextMajorVersion;
				minimumVersion = 12.15.0;
			};
		};
		7FAA10012FF9900100183BC5 /* XCRemoteSwiftPackageReference "GoogleSignIn-iOS" */ = {
			isa = XCRemoteSwiftPackageReference;
			repositoryURL = "https://github.com/google/GoogleSignIn-iOS";
			requirement = {
				kind = upToNextMajorVersion;
				minimumVersion = 9.0.0;
			};
		};
/* End XCRemoteSwiftPackageReference section */

/* Begin XCSwiftPackageProductDependency section */
		7F8E1E372FF72DCE001F8322 /* FirebaseAI */ = {
			isa = XCSwiftPackageProductDependency;
			package = 7F8E1E352FF72DAE001F8322 /* XCRemoteSwiftPackageReference "firebase-ios-sdk" */;
			productName = FirebaseAI;
		};
		7F8E1E392FF72DCE001F8322 /* FirebaseAILogic */ = {
			isa = XCSwiftPackageProductDependency;
			package = 7F8E1E352FF72DAE001F8322 /* XCRemoteSwiftPackageReference "firebase-ios-sdk" */;
			productName = FirebaseAILogic;
		};
		7F8E1E3B2FF72DCE001F8322 /* FirebaseAnalytics */ = {
			isa = XCSwiftPackageProductDependency;
			package = 7F8E1E352FF72DAE001F8322 /* XCRemoteSwiftPackageReference "firebase-ios-sdk" */;
			productName = FirebaseAnalytics;
		};
		7F8E1E3D2FF72DCE001F8322 /* FirebaseAnalyticsCore */ = {
			isa = XCSwiftPackageProductDependency;
			package = 7F8E1E352FF72DAE001F8322 /* XCRemoteSwiftPackageReference "firebase-ios-sdk" */;
			productName = FirebaseAnalyticsCore;
		};
		7F8E1E3F2FF72DCE001F8322 /* FirebaseAnalyticsIdentitySupport */ = {
			isa = XCSwiftPackageProductDependency;
			package = 7F8E1E352FF72DAE001F8322 /* XCRemoteSwiftPackageReference "firebase-ios-sdk" */;
			productName = FirebaseAnalyticsIdentitySupport;
		};
		7F8E1E412FF72DCE001F8322 /* FirebaseAppCheck */ = {
			isa = XCSwiftPackageProductDependency;
			package = 7F8E1E352FF72DAE001F8322 /* XCRemoteSwiftPackageReference "firebase-ios-sdk" */;
			productName = FirebaseAppCheck;
		};
		7F8E1E432FF72DCE001F8322 /* FirebaseAppDistribution-Beta */ = {
			isa = XCSwiftPackageProductDependency;
			package = 7F8E1E352FF72DAE001F8322 /* XCRemoteSwiftPackageReference "firebase-ios-sdk" */;
			productName = "FirebaseAppDistribution-Beta";
		};
		7F8E1E452FF72DCE001F8322 /* FirebaseAuth */ = {
			isa = XCSwiftPackageProductDependency;
			package = 7F8E1E352FF72DAE001F8322 /* XCRemoteSwiftPackageReference "firebase-ios-sdk" */;
			productName = FirebaseAuth;
		};
		7F8E1E472FF72DCE001F8322 /* FirebaseAuthCombine-Community */ = {
			isa = XCSwiftPackageProductDependency;
			package = 7F8E1E352FF72DAE001F8322 /* XCRemoteSwiftPackageReference "firebase-ios-sdk" */;
			productName = "FirebaseAuthCombine-Community";
		};
		7F8E1E492FF72DCE001F8322 /* FirebaseCore */ = {
			isa = XCSwiftPackageProductDependency;
			package = 7F8E1E352FF72DAE001F8322 /* XCRemoteSwiftPackageReference "firebase-ios-sdk" */;
			productName = FirebaseCore;
		};
		7F8E1E4B2FF72DCE001F8322 /* FirebaseCrashlytics */ = {
			isa = XCSwiftPackageProductDependency;
			package = 7F8E1E352FF72DAE001F8322 /* XCRemoteSwiftPackageReference "firebase-ios-sdk" */;
			productName = FirebaseCrashlytics;
		};
		7F8E1E4D2FF72DCE001F8322 /* FirebaseDatabase */ = {
			isa = XCSwiftPackageProductDependency;
			package = 7F8E1E352FF72DAE001F8322 /* XCRemoteSwiftPackageReference "firebase-ios-sdk" */;
			productName = FirebaseDatabase;
		};
		7F8E1E4F2FF72DCE001F8322 /* FirebaseFirestore */ = {
			isa = XCSwiftPackageProductDependency;
			package = 7F8E1E352FF72DAE001F8322 /* XCRemoteSwiftPackageReference "firebase-ios-sdk" */;
			productName = FirebaseFirestore;
		};
		7F8E1E512FF72DCE001F8322 /* FirebaseFirestoreCombine-Community */ = {
			isa = XCSwiftPackageProductDependency;
			package = 7F8E1E352FF72DAE001F8322 /* XCRemoteSwiftPackageReference "firebase-ios-sdk" */;
			productName = "FirebaseFirestoreCombine-Community";
		};
		7F8E1E532FF72DCE001F8322 /* FirebaseFunctions */ = {
			isa = XCSwiftPackageProductDependency;
			package = 7F8E1E352FF72DAE001F8322 /* XCRemoteSwiftPackageReference "firebase-ios-sdk" */;
			productName = FirebaseFunctions;
		};
		7F8E1E552FF72DCE001F8322 /* FirebaseFunctionsCombine-Community */ = {
			isa = XCSwiftPackageProductDependency;
			package = 7F8E1E352FF72DAE001F8322 /* XCRemoteSwiftPackageReference "firebase-ios-sdk" */;
			productName = "FirebaseFunctionsCombine-Community";
		};
		7F8E1E572FF72DCE001F8322 /* FirebaseInAppMessaging-Beta */ = {
			isa = XCSwiftPackageProductDependency;
			package = 7F8E1E352FF72DAE001F8322 /* XCRemoteSwiftPackageReference "firebase-ios-sdk" */;
			productName = "FirebaseInAppMessaging-Beta";
		};
		7F8E1E592FF72DCE001F8322 /* FirebaseInstallations */ = {
			isa = XCSwiftPackageProductDependency;
			package = 7F8E1E352FF72DAE001F8322 /* XCRemoteSwiftPackageReference "firebase-ios-sdk" */;
			productName = FirebaseInstallations;
		};
		7F8E1E5B2FF72DCE001F8322 /* FirebaseMessaging */ = {
			isa = XCSwiftPackageProductDependency;
			package = 7F8E1E352FF72DAE001F8322 /* XCRemoteSwiftPackageReference "firebase-ios-sdk" */;
			productName = FirebaseMessaging;
		};
		7F8E1E5D2FF72DCE001F8322 /* FirebaseMLModelDownloader */ = {
			isa = XCSwiftPackageProductDependency;
			package = 7F8E1E352FF72DAE001F8322 /* XCRemoteSwiftPackageReference "firebase-ios-sdk" */;
			productName = FirebaseMLModelDownloader;
		};
		7F8E1E5F2FF72DCE001F8322 /* FirebasePerformance */ = {
			isa = XCSwiftPackageProductDependency;
			package = 7F8E1E352FF72DAE001F8322 /* XCRemoteSwiftPackageReference "firebase-ios-sdk" */;
			productName = FirebasePerformance;
		};
		7F8E1E612FF72DCE001F8322 /* FirebaseRemoteConfig */ = {
			isa = XCSwiftPackageProductDependency;
			package = 7F8E1E352FF72DAE001F8322 /* XCRemoteSwiftPackageReference "firebase-ios-sdk" */;
			productName = FirebaseRemoteConfig;
		};
		7F8E1E632FF72DCE001F8322 /* FirebaseStorage */ = {
			isa = XCSwiftPackageProductDependency;
			package = 7F8E1E352FF72DAE001F8322 /* XCRemoteSwiftPackageReference "firebase-ios-sdk" */;
			productName = FirebaseStorage;
		};
		7F8E1E652FF72DCE001F8322 /* FirebaseStorageCombine-Community */ = {
			isa = XCSwiftPackageProductDependency;
			package = 7F8E1E352FF72DAE001F8322 /* XCRemoteSwiftPackageReference "firebase-ios-sdk" */;
			productName = "FirebaseStorageCombine-Community";
		};
		7FAA10022FF9900100183BC5 /* GoogleSignIn */ = {
			isa = XCSwiftPackageProductDependency;
			package = 7FAA10012FF9900100183BC5 /* XCRemoteSwiftPackageReference "GoogleSignIn-iOS" */;
			productName = GoogleSignIn;
		};
/* End XCSwiftPackageProductDependency section */
	};
	rootObject = 7F8E1DFF2FF729A2001F8322 /* Project object */;
}
